
Microsoft Visual Studio Solution File, Format Version 12.00
# Visual Studio Version 17
VisualStudioVersion = 17.3.32825.248
MinimumVisualStudioVersion = 10.0.40219.1
Project("{FAE04EC0-301F-11D3-BF4B-00C04F79EFBC}") = "BookingSystem", "BookingSystem\BookingSystem.csproj", "{C5A7F593-F7E1-4144-AD14-0FB7CC0C7951}"
EndProject
Global
	GlobalSection(SolutionConfigurationPlatforms) = preSolution
		Debug|Any CPU = Debug|Any CPU
		Release|Any CPU = Release|Any CPU
	EndGlobalSection
	GlobalSection(ProjectConfigurationPlatforms) = postSolution
		{C5A7F593-F7E1-4144-AD14-0FB7CC0C7951}.Debug|Any CPU.ActiveCfg = Debug|Any CPU
		{C5A7F593-F7E1-4144-AD14-0FB7CC0C7951}.Debug|Any CPU.Build.0 = Debug|Any CPU
		{C5A7F593-F7E1-4144-AD14-0FB7CC0C7951}.Release|Any CPU.ActiveCfg = Release|Any CPU
		{C5A7F593-F7E1-4144-AD14-0FB7CC0C7951}.Release|Any CPU.Build.0 = Release|Any CPU
	EndGlobalSection
	GlobalSection(SolutionProperties) = preSolution
		HideSolutionNode = FALSE
	EndGlobalSection
	GlobalSection(ExtensibilityGlobals) = postSolution
		SolutionGuid = {D83C520B-2C62-4184-B6A8-505114A0CBEA}
	EndGlobalSection
EndGlobal
